
Microsoft Visual Studio Solution File, Format Version 12.00
# Visual Studio Version 17
VisualStudioVersion = 17.8.34330.188
MinimumVisualStudioVersion = 10.0.40219.1
Project("{FAE04EC0-301F-11D3-BF4B-00C04F79EFBC}") = "Projet_Boogle", "Projet_Boogle.csproj", "{A3752332-11C5-4FE6-9B02-CAE430B402F3}"
EndProject
Global
	GlobalSection(SolutionConfigurationPlatforms) = preSolution
		Debug|Any CPU = Debug|Any CPU
		Release|Any CPU = Release|Any CPU
	EndGlobalSection
	GlobalSection(ProjectConfigurationPlatforms) = postSolution
		{A3752332-11C5-4FE6-9B02-CAE430B402F3}.Debug|Any CPU.ActiveCfg = Debug|Any CPU
		{A3752332-11C5-4FE6-9B02-CAE430B402F3}.Debug|Any CPU.Build.0 = Debug|Any CPU
		{A3752332-11C5-4FE6-9B02-CAE430B402F3}.Release|Any CPU.ActiveCfg = Release|Any CPU
		{A3752332-11C5-4FE6-9B02-CAE430B402F3}.Release|Any CPU.Build.0 = Release|Any CPU
	EndGlobalSection
	GlobalSection(SolutionProperties) = preSolution
		HideSolutionNode = FALSE
	EndGlobalSection
	GlobalSection(ExtensibilityGlobals) = postSolution
		SolutionGuid = {AC2C9DA9-89C0-4BCF-B860-6A630C122AC2}
	EndGlobalSection
EndGlobal
